
Microsoft Visual Studio Solution File, Format Version 12.00
# Visual Studio 15
VisualStudioVersion = 15.0.27428.2043
MinimumVisualStudioVersion = 10.0.40219.1
Project("{FAE04EC0-301F-11D3-BF4B-00C04F79EFBC}") = "ProgramaProba2Parcial", "ProgramaProba2Parcial\ProgramaProba2Parcial.csproj", "{0DE4B0B8-661E-4B0A-9298-56A6B9689DBE}"
EndProject
Global
	GlobalSection(SolutionConfigurationPlatforms) = preSolution
		Debug|Any CPU = Debug|Any CPU
		Release|Any CPU = Release|Any CPU
	EndGlobalSection
	GlobalSection(ProjectConfigurationPlatforms) = postSolution
		{0DE4B0B8-661E-4B0A-9298-56A6B9689DBE}.Debug|Any CPU.ActiveCfg = Debug|Any CPU
		{0DE4B0B8-661E-4B0A-9298-56A6B9689DBE}.Debug|Any CPU.Build.0 = Debug|Any CPU
		{0DE4B0B8-661E-4B0A-9298-56A6B9689DBE}.Release|Any CPU.ActiveCfg = Release|Any CPU
		{0DE4B0B8-661E-4B0A-9298-56A6B9689DBE}.Release|Any CPU.Build.0 = Release|Any CPU
	EndGlobalSection
	GlobalSection(SolutionProperties) = preSolution
		HideSolutionNode = FALSE
	EndGlobalSection
	GlobalSection(ExtensibilityGlobals) = postSolution
		SolutionGuid = {81408CD2-887D-4425-A5BA-45E61827A80C}
	EndGlobalSection
EndGlobal
